
Microsoft Visual Studio Solution File, Format Version 12.00
# Visual Studio Version 17
VisualStudioVersion = 17.0.31903.59
MinimumVisualStudioVersion = 10.0.40219.1
Project("{2150E333-8FDC-42A3-9474-1A3956D46DE8}") = "src", "src", "{55AD7C1D-A967-466F-89DC-D1EC1015EF19}"
EndProject
Project("{FAE04EC0-301F-11D3-BF4B-00C04F79EFBC}") = "AuthService", "src\AuthService\AuthService.csproj", "{695180C4-C78F-41C1-8108-394C1E412341}"
EndProject
Project("{FAE04EC0-301F-11D3-BF4B-00C04F79EFBC}") = "Shared", "src\Shared\Shared.csproj", "{CAD04919-0E2E-46C7-BC91-182EFFE8D074}"
EndProject
Project("{FAE04EC0-301F-11D3-BF4B-00C04F79EFBC}") = "TicketService", "src\TicketService\TicketService.csproj", "{1A8AD4FB-41EF-4B95-877D-EF4F6CA2B76A}"
EndProject
Project("{FAE04EC0-301F-11D3-BF4B-00C04F79EFBC}") = "UserService", "src\UserService\UserService.csproj", "{880C149D-41DD-4E2F-9A3B-9A72D97B1C05}"
EndProject
Project("{FAE04EC0-301F-11D3-BF4B-00C04F79EFBC}") = "NotificationService", "src\NotificationService\NotificationService.csproj", "{9E075185-46E6-41E1-BFD3-762E0905BD50}"
EndProject
Project("{FAE04EC0-301F-11D3-BF4B-00C04F79EFBC}") = "ApiGateway", "src\ApiGateway\ApiGateway.csproj", "{5BA4DB1C-53D2-4966-92AA-94BEE0AC32F0}"
EndProject
Project("{2150E333-8FDC-42A3-9474-1A3956D46DE8}") = "tests", "tests", "{3ED9A3F7-86A0-47B5-80F2-DDBCD7B579FC}"
EndProject
Project("{FAE04EC0-301F-11D3-BF4B-00C04F79EFBC}") = "TicketService.UnitTests", "tests\TicketService.UnitTests\TicketService.UnitTests.csproj", "{21DD2E3E-8188-468C-9DAE-717D803DD8A4}"
EndProject
Project("{FAE04EC0-301F-11D3-BF4B-00C04F79EFBC}") = "TicketService.IntegrationTests", "tests\TicketService.IntegrationTests\TicketService.IntegrationTests.csproj", "{99A448C6-ADCA-4E48-95A0-8A3AA027C92C}"
EndProject
Project("{FAE04EC0-301F-11D3-BF4B-00C04F79EFBC}") = "Helpdesk.E2E", "tests\Helpdesk.E2E\Helpdesk.E2E.csproj", "{627C8535-4521-41CC-8066-A4951AF10BB9}"
EndProject
Project("{FAE04EC0-301F-11D3-BF4B-00C04F79EFBC}") = "KnowledgeBaseService", "src\KnowledgeBaseService\KnowledgeBaseService.csproj", "{CDD20BBF-D1CF-474F-B370-F694832E2529}"
EndProject
Global
	GlobalSection(SolutionConfigurationPlatforms) = preSolution
		Debug|Any CPU = Debug|Any CPU
		Release|Any CPU = Release|Any CPU
	EndGlobalSection
	GlobalSection(SolutionProperties) = preSolution
		HideSolutionNode = FALSE
	EndGlobalSection
	GlobalSection(ProjectConfigurationPlatforms) = postSolution
		{695180C4-C78F-41C1-8108-394C1E412341}.Debug|Any CPU.ActiveCfg = Debug|Any CPU
		{695180C4-C78F-41C1-8108-394C1E412341}.Debug|Any CPU.Build.0 = Debug|Any CPU
		{695180C4-C78F-41C1-8108-394C1E412341}.Release|Any CPU.ActiveCfg = Release|Any CPU
		{695180C4-C78F-41C1-8108-394C1E412341}.Release|Any CPU.Build.0 = Release|Any CPU
		{CAD04919-0E2E-46C7-BC91-182EFFE8D074}.Debug|Any CPU.ActiveCfg = Debug|Any CPU
		{CAD04919-0E2E-46C7-BC91-182EFFE8D074}.Debug|Any CPU.Build.0 = Debug|Any CPU
		{CAD04919-0E2E-46C7-BC91-182EFFE8D074}.Release|Any CPU.ActiveCfg = Release|Any CPU
		{CAD04919-0E2E-46C7-BC91-182EFFE8D074}.Release|Any CPU.Build.0 = Release|Any CPU
		{1A8AD4FB-41EF-4B95-877D-EF4F6CA2B76A}.Debug|Any CPU.ActiveCfg = Debug|Any CPU
		{1A8AD4FB-41EF-4B95-877D-EF4F6CA2B76A}.Debug|Any CPU.Build.0 = Debug|Any CPU
		{1A8AD4FB-41EF-4B95-877D-EF4F6CA2B76A}.Release|Any CPU.ActiveCfg = Release|Any CPU
		{1A8AD4FB-41EF-4B95-877D-EF4F6CA2B76A}.Release|Any CPU.Build.0 = Release|Any CPU
		{880C149D-41DD-4E2F-9A3B-9A72D97B1C05}.Debug|Any CPU.ActiveCfg = Debug|Any CPU
		{880C149D-41DD-4E2F-9A3B-9A72D97B1C05}.Debug|Any CPU.Build.0 = Debug|Any CPU
		{880C149D-41DD-4E2F-9A3B-9A72D97B1C05}.Release|Any CPU.ActiveCfg = Release|Any CPU
		{880C149D-41DD-4E2F-9A3B-9A72D97B1C05}.Release|Any CPU.Build.0 = Release|Any CPU
		{9E075185-46E6-41E1-BFD3-762E0905BD50}.Debug|Any CPU.ActiveCfg = Debug|Any CPU
		{9E075185-46E6-41E1-BFD3-762E0905BD50}.Debug|Any CPU.Build.0 = Debug|Any CPU
		{9E075185-46E6-41E1-BFD3-762E0905BD50}.Release|Any CPU.ActiveCfg = Release|Any CPU
		{9E075185-46E6-41E1-BFD3-762E0905BD50}.Release|Any CPU.Build.0 = Release|Any CPU
		{5BA4DB1C-53D2-4966-92AA-94BEE0AC32F0}.Debug|Any CPU.ActiveCfg = Debug|Any CPU
		{5BA4DB1C-53D2-4966-92AA-94BEE0AC32F0}.Debug|Any CPU.Build.0 = Debug|Any CPU
		{5BA4DB1C-53D2-4966-92AA-94BEE0AC32F0}.Release|Any CPU.ActiveCfg = Release|Any CPU
		{5BA4DB1C-53D2-4966-92AA-94BEE0AC32F0}.Release|Any CPU.Build.0 = Release|Any CPU
		{21DD2E3E-8188-468C-9DAE-717D803DD8A4}.Debug|Any CPU.ActiveCfg = Debug|Any CPU
		{21DD2E3E-8188-468C-9DAE-717D803DD8A4}.Debug|Any CPU.Build.0 = Debug|Any CPU
		{21DD2E3E-8188-468C-9DAE-717D803DD8A4}.Release|Any CPU.ActiveCfg = Release|Any CPU
		{21DD2E3E-8188-468C-9DAE-717D803DD8A4}.Release|Any CPU.Build.0 = Release|Any CPU
		{99A448C6-ADCA-4E48-95A0-8A3AA027C92C}.Debug|Any CPU.ActiveCfg = Debug|Any CPU
		{99A448C6-ADCA-4E48-95A0-8A3AA027C92C}.Debug|Any CPU.Build.0 = Debug|Any CPU
		{99A448C6-ADCA-4E48-95A0-8A3AA027C92C}.Release|Any CPU.ActiveCfg = Release|Any CPU
		{99A448C6-ADCA-4E48-95A0-8A3AA027C92C}.Release|Any CPU.Build.0 = Release|Any CPU
		{627C8535-4521-41CC-8066-A4951AF10BB9}.Debug|Any CPU.ActiveCfg = Debug|Any CPU
		{627C8535-4521-41CC-8066-A4951AF10BB9}.Debug|Any CPU.Build.0 = Debug|Any CPU
		{627C8535-4521-41CC-8066-A4951AF10BB9}.Release|Any CPU.ActiveCfg = Release|Any CPU
		{627C8535-4521-41CC-8066-A4951AF10BB9}.Release|Any CPU.Build.0 = Release|Any CPU
		{CDD20BBF-D1CF-474F-B370-F694832E2529}.Debug|Any CPU.ActiveCfg = Debug|Any CPU
		{CDD20BBF-D1CF-474F-B370-F694832E2529}.Debug|Any CPU.Build.0 = Debug|Any CPU
		{CDD20BBF-D1CF-474F-B370-F694832E2529}.Release|Any CPU.ActiveCfg = Release|Any CPU
		{CDD20BBF-D1CF-474F-B370-F694832E2529}.Release|Any CPU.Build.0 = Release|Any CPU
	EndGlobalSection
	GlobalSection(NestedProjects) = preSolution
		{695180C4-C78F-41C1-8108-394C1E412341} = {55AD7C1D-A967-466F-89DC-D1EC1015EF19}
		{CAD04919-0E2E-46C7-BC91-182EFFE8D074} = {55AD7C1D-A967-466F-89DC-D1EC1015EF19}
		{1A8AD4FB-41EF-4B95-877D-EF4F6CA2B76A} = {55AD7C1D-A967-466F-89DC-D1EC1015EF19}
		{880C149D-41DD-4E2F-9A3B-9A72D97B1C05} = {55AD7C1D-A967-466F-89DC-D1EC1015EF19}
		{9E075185-46E6-41E1-BFD3-762E0905BD50} = {55AD7C1D-A967-466F-89DC-D1EC1015EF19}
		{5BA4DB1C-53D2-4966-92AA-94BEE0AC32F0} = {55AD7C1D-A967-466F-89DC-D1EC1015EF19}
		{21DD2E3E-8188-468C-9DAE-717D803DD8A4} = {3ED9A3F7-86A0-47B5-80F2-DDBCD7B579FC}
		{99A448C6-ADCA-4E48-95A0-8A3AA027C92C} = {3ED9A3F7-86A0-47B5-80F2-DDBCD7B579FC}
		{627C8535-4521-41CC-8066-A4951AF10BB9} = {3ED9A3F7-86A0-47B5-80F2-DDBCD7B579FC}
		{CDD20BBF-D1CF-474F-B370-F694832E2529} = {55AD7C1D-A967-466F-89DC-D1EC1015EF19}
	EndGlobalSection
EndGlobal
